
Microsoft Visual Studio Solution File, Format Version 12.00
# Visual Studio 14
VisualStudioVersion = 14.0.25420.1
MinimumVisualStudioVersion = 10.0.40219.1
Project("{FAE04EC0-301F-11D3-BF4B-00C04F79EFBC}") = "Hylogger.Core", "Hylogger.Core\Hylogger.Core.csproj", "{C6A16AA2-E6CB-4807-8389-EC383D0D6960}"
EndProject
Project("{FAE04EC0-301F-11D3-BF4B-00C04F79EFBC}") = "HyloogerConsole", "HyloogerConsole\HyloogerConsole.csproj", "{46C50B3A-4DBE-4477-9BB5-450E11001DA7}"
EndProject
Project("{FAE04EC0-301F-11D3-BF4B-00C04F79EFBC}") = "Hylogger.web", "Hylogger.web\Hylogger.web.csproj", "{F344ADF8-35A1-4697-9BBD-1F5C5091937E}"
EndProject
Project("{FAE04EC0-301F-11D3-BF4B-00C04F79EFBC}") = "HyApi", "HyApi\HyApi.csproj", "{AE75AA60-7142-4006-B734-E6C947DA1DB4}"
EndProject
Global
	GlobalSection(SolutionConfigurationPlatforms) = preSolution
		Debug|Any CPU = Debug|Any CPU
		Release|Any CPU = Release|Any CPU
	EndGlobalSection
	GlobalSection(ProjectConfigurationPlatforms) = postSolution
		{C6A16AA2-E6CB-4807-8389-EC383D0D6960}.Debug|Any CPU.ActiveCfg = Debug|Any CPU
		{C6A16AA2-E6CB-4807-8389-EC383D0D6960}.Debug|Any CPU.Build.0 = Debug|Any CPU
		{C6A16AA2-E6CB-4807-8389-EC383D0D6960}.Release|Any CPU.ActiveCfg = Release|Any CPU
		{C6A16AA2-E6CB-4807-8389-EC383D0D6960}.Release|Any CPU.Build.0 = Release|Any CPU
		{46C50B3A-4DBE-4477-9BB5-450E11001DA7}.Debug|Any CPU.ActiveCfg = Debug|Any CPU
		{46C50B3A-4DBE-4477-9BB5-450E11001DA7}.Debug|Any CPU.Build.0 = Debug|Any CPU
		{46C50B3A-4DBE-4477-9BB5-450E11001DA7}.Release|Any CPU.ActiveCfg = Release|Any CPU
		{46C50B3A-4DBE-4477-9BB5-450E11001DA7}.Release|Any CPU.Build.0 = Release|Any CPU
		{F344ADF8-35A1-4697-9BBD-1F5C5091937E}.Debug|Any CPU.ActiveCfg = Debug|Any CPU
		{F344ADF8-35A1-4697-9BBD-1F5C5091937E}.Debug|Any CPU.Build.0 = Debug|Any CPU
		{F344ADF8-35A1-4697-9BBD-1F5C5091937E}.Release|Any CPU.ActiveCfg = Release|Any CPU
		{F344ADF8-35A1-4697-9BBD-1F5C5091937E}.Release|Any CPU.Build.0 = Release|Any CPU
		{AE75AA60-7142-4006-B734-E6C947DA1DB4}.Debug|Any CPU.ActiveCfg = Debug|Any CPU
		{AE75AA60-7142-4006-B734-E6C947DA1DB4}.Debug|Any CPU.Build.0 = Debug|Any CPU
		{AE75AA60-7142-4006-B734-E6C947DA1DB4}.Release|Any CPU.ActiveCfg = Release|Any CPU
		{AE75AA60-7142-4006-B734-E6C947DA1DB4}.Release|Any CPU.Build.0 = Release|Any CPU
	EndGlobalSection
	GlobalSection(SolutionProperties) = preSolution
		HideSolutionNode = FALSE
	EndGlobalSection
EndGlobal
